
Microsoft Visual Studio Solution File, Format Version 12.00
# Visual Studio Version 17
VisualStudioVersion = 17.5.33502.453
MinimumVisualStudioVersion = 10.0.40219.1
Project("{FAE04EC0-301F-11D3-BF4B-00C04F79EFBC}") = "web-api", "web-api\web-api.csproj", "{BF542B0B-2DC9-4223-B743-AE462F906F11}"
EndProject
Global
	GlobalSection(SolutionConfigurationPlatforms) = preSolution
		Debug|Any CPU = Debug|Any CPU
		Release|Any CPU = Release|Any CPU
	EndGlobalSection
	GlobalSection(ProjectConfigurationPlatforms) = postSolution
		{BF542B0B-2DC9-4223-B743-AE462F906F11}.Debug|Any CPU.ActiveCfg = Debug|Any CPU
		{BF542B0B-2DC9-4223-B743-AE462F906F11}.Debug|Any CPU.Build.0 = Debug|Any CPU
		{BF542B0B-2DC9-4223-B743-AE462F906F11}.Release|Any CPU.ActiveCfg = Release|Any CPU
		{BF542B0B-2DC9-4223-B743-AE462F906F11}.Release|Any CPU.Build.0 = Release|Any CPU
	EndGlobalSection
	GlobalSection(SolutionProperties) = preSolution
		HideSolutionNode = FALSE
	EndGlobalSection
	GlobalSection(ExtensibilityGlobals) = postSolution
		SolutionGuid = {79EC79A8-331A-43E3-AE61-FCCABB5BA085}
	EndGlobalSection
EndGlobal
